// !$*UTF8*$!
{
	archiveVersion = 1;
	classes = {
	};
	objectVersion = 46;
	objects = {

/* Begin PBXBuildFile section */
		88A3F7C61EA278DA00B92F8E /* Result.swift in Sources */ = {isa = PBXBuildFile; fileRef = 88A3F7BC1EA278DA00B92F8E /* Result.swift */; };
		88A3F7C71EA278DA00B92F8E /* MammutAPI.h in Headers */ = {isa = PBXBuildFile; fileRef = 88A3F7BD1EA278DA00B92F8E /* MammutAPI.h */; settings = {ATTRIBUTES = (Public, ); }; };
		88A3F7C81EA278DA00B92F8E /* Application.swift in Sources */ = {isa = PBXBuildFile; fileRef = 88A3F7BF1EA278DA00B92F8E /* Application.swift */; };
		88A3F7C91EA278DA00B92F8E /* MammutAPIError.swift in Sources */ = {isa = PBXBuildFile; fileRef = 88A3F7C01EA278DA00B92F8E /* MammutAPIError.swift */; };
		88A3F7CA1EA278DA00B92F8E /* DataTaskCreating.swift in Sources */ = {isa = PBXBuildFile; fileRef = 88A3F7C21EA278DA00B92F8E /* DataTaskCreating.swift */; };
		88A3F7CB1EA278DA00B92F8E /* Endpoint.swift in Sources */ = {isa = PBXBuildFile; fileRef = 88A3F7C31EA278DA00B92F8E /* Endpoint.swift */; };
		88A3F7CC1EA278DA00B92F8E /* EndpointRequest.swift in Sources */ = {isa = PBXBuildFile; fileRef = 88A3F7C41EA278DA00B92F8E /* EndpointRequest.swift */; };
		88A3F7DA1EA278E400B92F8E /* MockEndpoint.swift in Sources */ = {isa = PBXBuildFile; fileRef = 88A3F7D21EA278E400B92F8E /* MockEndpoint.swift */; };
		88A3F7DB1EA278E400B92F8E /* MockMammutError.swift in Sources */ = {isa = PBXBuildFile; fileRef = 88A3F7D31EA278E400B92F8E /* MockMammutError.swift */; };
		88A3F7DC1EA278E400B92F8E /* MockURLDataTask.swift in Sources */ = {isa = PBXBuildFile; fileRef = 88A3F7D41EA278E400B92F8E /* MockURLDataTask.swift */; };
		88A3F7DD1EA278E400B92F8E /* MockURLSession.swift in Sources */ = {isa = PBXBuildFile; fileRef = 88A3F7D51EA278E400B92F8E /* MockURLSession.swift */; };
		88A3F7DE1EA278E400B92F8E /* EndpointRequestTests.swift in Sources */ = {isa = PBXBuildFile; fileRef = 88A3F7D71EA278E400B92F8E /* EndpointRequestTests.swift */; };
		CCF5306AF77E6E9512B220AE /* Timelines.swift in Sources */ = {isa = PBXBuildFile; fileRef = CCF53CA190FF5B70586ABD59 /* Timelines.swift */; };
		CCF5309720BDECA73164F155 /* AccountTests.swift in Sources */ = {isa = PBXBuildFile; fileRef = CCF538609FD82B5D13C3B8F6 /* AccountTests.swift */; };
		CCF530B828BC781B99E551D8 /* ApplicationMapperTests.swift in Sources */ = {isa = PBXBuildFile; fileRef = CCF53798527FB1FCB214EAA6 /* ApplicationMapperTests.swift */; };
		CCF530D274CA9EEAABFEF814 /* UnwrapAssertion.swift in Sources */ = {isa = PBXBuildFile; fileRef = CCF53DE3B7C313BF38CB7494 /* UnwrapAssertion.swift */; };
		CCF531C1162114FA3837FAAD /* ModelMapping.swift in Sources */ = {isa = PBXBuildFile; fileRef = CCF538A40C31359FB3433F97 /* ModelMapping.swift */; };
		CCF53541EB2CBEC21ACC2D72 /* StatusVisibility.swift in Sources */ = {isa = PBXBuildFile; fileRef = CCF5346D5994CCA8036DADF2 /* StatusVisibility.swift */; };
		CCF535A6364DC3B0AE731DC1 /* Date+Mastodon.swift in Sources */ = {isa = PBXBuildFile; fileRef = CCF5346211BD6A976E70D0DA /* Date+Mastodon.swift */; };
		CCF536C68992A23D3ADC74AA /* Status.swift in Sources */ = {isa = PBXBuildFile; fileRef = CCF535E7A2E2DE58EB936076 /* Status.swift */; };
		CCF536E90229116C06FC4DFD /* NetworkErrorTests.swift in Sources */ = {isa = PBXBuildFile; fileRef = CCF534D8C9BC33D4C40C510C /* NetworkErrorTests.swift */; };
		CCF536F06311461100568C8F /* StatusMapperTests.swift in Sources */ = {isa = PBXBuildFile; fileRef = CCF53B2DEC0094DF81956C6A /* StatusMapperTests.swift */; };
		CCF536F17439254A3D7ADEBE /* ResultTests.swift in Sources */ = {isa = PBXBuildFile; fileRef = CCF533C630254DBF6165A4A7 /* ResultTests.swift */; };
		CCF53777AA105AB58239B0D7 /* NSError+Convertible.swift in Sources */ = {isa = PBXBuildFile; fileRef = CCF536579F664DF30D8DB058 /* NSError+Convertible.swift */; };
		CCF537CCA1EE3BD98F62B001 /* Status.json in Resources */ = {isa = PBXBuildFile; fileRef = CCF53D8519F38897D62FDA17 /* Status.json */; };
		CCF537CDAB5295315FB7C416 /* StatusWithApplication.json in Resources */ = {isa = PBXBuildFile; fileRef = CCF53E8CF6CB97C1222BF568 /* StatusWithApplication.json */; };
		CCF538492BC19C8C989BBDE2 /* Fixture.swift in Sources */ = {isa = PBXBuildFile; fileRef = CCF53AE183E794A1FD85F274 /* Fixture.swift */; };
		CCF538B44F839AF271078B5D /* AccountMapperTests.swift in Sources */ = {isa = PBXBuildFile; fileRef = CCF53896AF1800526FED47D4 /* AccountMapperTests.swift */; };
		CCF53975819BC857DA916878 /* NSError+ConvertibleTests.swift in Sources */ = {isa = PBXBuildFile; fileRef = CCF53BFA6AF3045F7220982B /* NSError+ConvertibleTests.swift */; };
		CCF539A924420A2400DCF8A7 /* ApplicationMapper.swift in Sources */ = {isa = PBXBuildFile; fileRef = CCF53045BB45C42A7149813E /* ApplicationMapper.swift */; };
		CCF539B2DD73A39EDB284A5C /* StatusMapper.swift in Sources */ = {isa = PBXBuildFile; fileRef = CCF53C7546ECE868F8917D84 /* StatusMapper.swift */; };
		CCF539E13724AF5186718F51 /* TimelinesTests.swift in Sources */ = {isa = PBXBuildFile; fileRef = CCF53AF5E849AB1C56EC6406 /* TimelinesTests.swift */; };
		CCF53A872DEF8FCFF5DF72F3 /* StatusTests.swift in Sources */ = {isa = PBXBuildFile; fileRef = CCF53252BCF40A0E94A93D40 /* StatusTests.swift */; };
		CCF53AA30685F539E274D2FC /* Application.json in Resources */ = {isa = PBXBuildFile; fileRef = CCF538B0976A09D716B12565 /* Application.json */; };
		CCF53AB6329258F8C5DADA6A /* MammutAPI.framework in Frameworks */ = {isa = PBXBuildFile; fileRef = CCF5324E07265187D130F304 /* MammutAPI.framework */; };
		CCF53B9EDBD3AB5497C14A70 /* Account.json in Resources */ = {isa = PBXBuildFile; fileRef = CCF53C06A02FC5A839D9911E /* Account.json */; };
		CCF53BB33DC7296CB5AA72C4 /* MapperErrorTests.swift in Sources */ = {isa = PBXBuildFile; fileRef = CCF530D0B62F9EEC4EF65762 /* MapperErrorTests.swift */; };
		CCF53BEDDE887B98E18A75FE /* Date+MastodonTests.swift in Sources */ = {isa = PBXBuildFile; fileRef = CCF53915C00ED121CAC9F46C /* Date+MastodonTests.swift */; };
		CCF53E849B74D422A1BA268F /* AccountMapper.swift in Sources */ = {isa = PBXBuildFile; fileRef = CCF53B4BE62D3B0330F59E44 /* AccountMapper.swift */; };
		CCF53EF210F571773E170A18 /* IncompleteJSON.json in Resources */ = {isa = PBXBuildFile; fileRef = CCF53EB6959D0311677F12FB /* IncompleteJSON.json */; };
		CCF53F778F9FEBB166E2C143 /* Account.swift in Sources */ = {isa = PBXBuildFile; fileRef = CCF53D6D7A500B9EFDF80E5E /* Account.swift */; };
		CCF53F7EDDEE38516354F736 /* ApplicationTests.swift in Sources */ = {isa = PBXBuildFile; fileRef = CCF53675C8974365E0B70A49 /* ApplicationTests.swift */; };
/* End PBXBuildFile section */

/* Begin PBXContainerItemProxy section */
		CCF536A681E45ECF961359AD /* PBXContainerItemProxy */ = {
			isa = PBXContainerItemProxy;
			containerPortal = CCF53BD926CD7318CCAE54A1 /* Project object */;
			proxyType = 1;
			remoteGlobalIDString = CCF536CAF9A21E6768992A70;
			remoteInfo = Mammut;
		};
/* End PBXContainerItemProxy section */

/* Begin PBXFileReference section */
		88A3F7B91EA278DA00B92F8E /* Info.plist */ = {isa = PBXFileReference; fileEncoding = 4; lastKnownFileType = text.plist.xml; path = Info.plist; sourceTree = "<group>"; };
		88A3F7BC1EA278DA00B92F8E /* Result.swift */ = {isa = PBXFileReference; fileEncoding = 4; lastKnownFileType = sourcecode.swift; path = Result.swift; sourceTree = "<group>"; };
		88A3F7BD1EA278DA00B92F8E /* MammutAPI.h */ = {isa = PBXFileReference; fileEncoding = 4; lastKnownFileType = sourcecode.c.h; path = MammutAPI.h; sourceTree = "<group>"; };
		88A3F7BF1EA278DA00B92F8E /* Application.swift */ = {isa = PBXFileReference; fileEncoding = 4; lastKnownFileType = sourcecode.swift; path = Application.swift; sourceTree = "<group>"; };
		88A3F7C01EA278DA00B92F8E /* MammutAPIError.swift */ = {isa = PBXFileReference; fileEncoding = 4; lastKnownFileType = sourcecode.swift; path = MammutAPIError.swift; sourceTree = "<group>"; };
		88A3F7C21EA278DA00B92F8E /* DataTaskCreating.swift */ = {isa = PBXFileReference; fileEncoding = 4; lastKnownFileType = sourcecode.swift; path = DataTaskCreating.swift; sourceTree = "<group>"; };
		88A3F7C31EA278DA00B92F8E /* Endpoint.swift */ = {isa = PBXFileReference; fileEncoding = 4; lastKnownFileType = sourcecode.swift; path = Endpoint.swift; sourceTree = "<group>"; };
		88A3F7C41EA278DA00B92F8E /* EndpointRequest.swift */ = {isa = PBXFileReference; fileEncoding = 4; lastKnownFileType = sourcecode.swift; path = EndpointRequest.swift; sourceTree = "<group>"; };
		88A3F7CE1EA278E400B92F8E /* Info.plist */ = {isa = PBXFileReference; fileEncoding = 4; lastKnownFileType = text.plist.xml; path = Info.plist; sourceTree = "<group>"; };
		88A3F7CF1EA278E400B92F8E /* LinuxMain.swift */ = {isa = PBXFileReference; fileEncoding = 4; lastKnownFileType = sourcecode.swift; path = LinuxMain.swift; sourceTree = "<group>"; };
		88A3F7D21EA278E400B92F8E /* MockEndpoint.swift */ = {isa = PBXFileReference; fileEncoding = 4; lastKnownFileType = sourcecode.swift; path = MockEndpoint.swift; sourceTree = "<group>"; };
		88A3F7D31EA278E400B92F8E /* MockMammutError.swift */ = {isa = PBXFileReference; fileEncoding = 4; lastKnownFileType = sourcecode.swift; path = MockMammutError.swift; sourceTree = "<group>"; };
		88A3F7D41EA278E400B92F8E /* MockURLDataTask.swift */ = {isa = PBXFileReference; fileEncoding = 4; lastKnownFileType = sourcecode.swift; path = MockURLDataTask.swift; sourceTree = "<group>"; };
		88A3F7D51EA278E400B92F8E /* MockURLSession.swift */ = {isa = PBXFileReference; fileEncoding = 4; lastKnownFileType = sourcecode.swift; path = MockURLSession.swift; sourceTree = "<group>"; };
		88A3F7D71EA278E400B92F8E /* EndpointRequestTests.swift */ = {isa = PBXFileReference; fileEncoding = 4; lastKnownFileType = sourcecode.swift; path = EndpointRequestTests.swift; sourceTree = "<group>"; };
		CCF53045BB45C42A7149813E /* ApplicationMapper.swift */ = {isa = PBXFileReference; fileEncoding = 4; lastKnownFileType = sourcecode.swift; path = ApplicationMapper.swift; sourceTree = "<group>"; };
		CCF530D0B62F9EEC4EF65762 /* MapperErrorTests.swift */ = {isa = PBXFileReference; fileEncoding = 4; lastKnownFileType = sourcecode.swift; path = MapperErrorTests.swift; sourceTree = "<group>"; };
		CCF5324E07265187D130F304 /* MammutAPI.framework */ = {isa = PBXFileReference; explicitFileType = wrapper.framework; includeInIndex = 0; path = MammutAPI.framework; sourceTree = BUILT_PRODUCTS_DIR; };
		CCF532523107CE309D544695 /* MammutAPITests.xctest */ = {isa = PBXFileReference; explicitFileType = wrapper.cfbundle; includeInIndex = 0; path = MammutAPITests.xctest; sourceTree = BUILT_PRODUCTS_DIR; };
		CCF53252BCF40A0E94A93D40 /* StatusTests.swift */ = {isa = PBXFileReference; fileEncoding = 4; lastKnownFileType = sourcecode.swift; path = StatusTests.swift; sourceTree = "<group>"; };
		CCF533C630254DBF6165A4A7 /* ResultTests.swift */ = {isa = PBXFileReference; fileEncoding = 4; lastKnownFileType = sourcecode.swift; path = ResultTests.swift; sourceTree = "<group>"; };
		CCF5346211BD6A976E70D0DA /* Date+Mastodon.swift */ = {isa = PBXFileReference; fileEncoding = 4; lastKnownFileType = sourcecode.swift; path = "Date+Mastodon.swift"; sourceTree = "<group>"; };
		CCF5346D5994CCA8036DADF2 /* StatusVisibility.swift */ = {isa = PBXFileReference; fileEncoding = 4; lastKnownFileType = sourcecode.swift; path = StatusVisibility.swift; sourceTree = "<group>"; };
		CCF534D8C9BC33D4C40C510C /* NetworkErrorTests.swift */ = {isa = PBXFileReference; fileEncoding = 4; lastKnownFileType = sourcecode.swift; path = NetworkErrorTests.swift; sourceTree = "<group>"; };
		CCF535E7A2E2DE58EB936076 /* Status.swift */ = {isa = PBXFileReference; fileEncoding = 4; lastKnownFileType = sourcecode.swift; path = Status.swift; sourceTree = "<group>"; };
		CCF536579F664DF30D8DB058 /* NSError+Convertible.swift */ = {isa = PBXFileReference; fileEncoding = 4; lastKnownFileType = sourcecode.swift; path = "NSError+Convertible.swift"; sourceTree = "<group>"; };
		CCF53675C8974365E0B70A49 /* ApplicationTests.swift */ = {isa = PBXFileReference; fileEncoding = 4; lastKnownFileType = sourcecode.swift; path = ApplicationTests.swift; sourceTree = "<group>"; };
		CCF53798527FB1FCB214EAA6 /* ApplicationMapperTests.swift */ = {isa = PBXFileReference; fileEncoding = 4; lastKnownFileType = sourcecode.swift; path = ApplicationMapperTests.swift; sourceTree = "<group>"; };
		CCF538609FD82B5D13C3B8F6 /* AccountTests.swift */ = {isa = PBXFileReference; fileEncoding = 4; lastKnownFileType = sourcecode.swift; path = AccountTests.swift; sourceTree = "<group>"; };
		CCF53896AF1800526FED47D4 /* AccountMapperTests.swift */ = {isa = PBXFileReference; fileEncoding = 4; lastKnownFileType = sourcecode.swift; path = AccountMapperTests.swift; sourceTree = "<group>"; };
		CCF538A40C31359FB3433F97 /* ModelMapping.swift */ = {isa = PBXFileReference; fileEncoding = 4; lastKnownFileType = sourcecode.swift; path = ModelMapping.swift; sourceTree = "<group>"; };
		CCF538B0976A09D716B12565 /* Application.json */ = {isa = PBXFileReference; fileEncoding = 4; lastKnownFileType = text.json; path = Application.json; sourceTree = "<group>"; };
		CCF53915C00ED121CAC9F46C /* Date+MastodonTests.swift */ = {isa = PBXFileReference; fileEncoding = 4; lastKnownFileType = sourcecode.swift; path = "Date+MastodonTests.swift"; sourceTree = "<group>"; };
		CCF53AE183E794A1FD85F274 /* Fixture.swift */ = {isa = PBXFileReference; fileEncoding = 4; lastKnownFileType = sourcecode.swift; path = Fixture.swift; sourceTree = "<group>"; };
		CCF53AF5E849AB1C56EC6406 /* TimelinesTests.swift */ = {isa = PBXFileReference; fileEncoding = 4; lastKnownFileType = sourcecode.swift; path = TimelinesTests.swift; sourceTree = "<group>"; };
		CCF53B2DEC0094DF81956C6A /* StatusMapperTests.swift */ = {isa = PBXFileReference; fileEncoding = 4; lastKnownFileType = sourcecode.swift; path = StatusMapperTests.swift; sourceTree = "<group>"; };
		CCF53B4BE62D3B0330F59E44 /* AccountMapper.swift */ = {isa = PBXFileReference; fileEncoding = 4; lastKnownFileType = sourcecode.swift; path = AccountMapper.swift; sourceTree = "<group>"; };
		CCF53BFA6AF3045F7220982B /* NSError+ConvertibleTests.swift */ = {isa = PBXFileReference; fileEncoding = 4; lastKnownFileType = sourcecode.swift; path = "NSError+ConvertibleTests.swift"; sourceTree = "<group>"; };
		CCF53C06A02FC5A839D9911E /* Account.json */ = {isa = PBXFileReference; fileEncoding = 4; lastKnownFileType = text.json; path = Account.json; sourceTree = "<group>"; };
		CCF53C7546ECE868F8917D84 /* StatusMapper.swift */ = {isa = PBXFileReference; fileEncoding = 4; lastKnownFileType = sourcecode.swift; path = StatusMapper.swift; sourceTree = "<group>"; };
		CCF53CA190FF5B70586ABD59 /* Timelines.swift */ = {isa = PBXFileReference; fileEncoding = 4; lastKnownFileType = sourcecode.swift; path = Timelines.swift; sourceTree = "<group>"; };
		CCF53D6D7A500B9EFDF80E5E /* Account.swift */ = {isa = PBXFileReference; fileEncoding = 4; lastKnownFileType = sourcecode.swift; path = Account.swift; sourceTree = "<group>"; };
		CCF53D8519F38897D62FDA17 /* Status.json */ = {isa = PBXFileReference; fileEncoding = 4; lastKnownFileType = text.json; path = Status.json; sourceTree = "<group>"; };
		CCF53DE3B7C313BF38CB7494 /* UnwrapAssertion.swift */ = {isa = PBXFileReference; fileEncoding = 4; lastKnownFileType = sourcecode.swift; path = UnwrapAssertion.swift; sourceTree = "<group>"; };
		CCF53E8CF6CB97C1222BF568 /* StatusWithApplication.json */ = {isa = PBXFileReference; fileEncoding = 4; lastKnownFileType = text.json; path = StatusWithApplication.json; sourceTree = "<group>"; };
		CCF53EB6959D0311677F12FB /* IncompleteJSON.json */ = {isa = PBXFileReference; fileEncoding = 4; lastKnownFileType = text.json; path = IncompleteJSON.json; sourceTree = "<group>"; };
/* End PBXFileReference section */

/* Begin PBXFrameworksBuildPhase section */
		CCF5311432B90CABCC92F891 /* Frameworks */ = {
			isa = PBXFrameworksBuildPhase;
			buildActionMask = 2147483647;
			files = (
				CCF53AB6329258F8C5DADA6A /* MammutAPI.framework in Frameworks */,
			);
			runOnlyForDeploymentPostprocessing = 0;
		};
		CCF53DCAFDFB839F2B0BD792 /* Frameworks */ = {
			isa = PBXFrameworksBuildPhase;
			buildActionMask = 2147483647;
			files = (
			);
			runOnlyForDeploymentPostprocessing = 0;
		};
/* End PBXFrameworksBuildPhase section */

/* Begin PBXGroup section */
		88A3F7B81EA278DA00B92F8E /* Sources */ = {
			isa = PBXGroup;
			children = (
				88A3F7B91EA278DA00B92F8E /* Info.plist */,
				88A3F7BA1EA278DA00B92F8E /* MammutAPI */,
			);
			path = Sources;
			sourceTree = "<group>";
		};
		88A3F7BA1EA278DA00B92F8E /* MammutAPI */ = {
			isa = PBXGroup;
			children = (
				88A3F7BB1EA278DA00B92F8E /* Internal */,
				88A3F7BD1EA278DA00B92F8E /* MammutAPI.h */,
				88A3F7BE1EA278DA00B92F8E /* Models */,
				88A3F7C11EA278DA00B92F8E /* Network */,
				CCF53070AF160D8D349611B0 /* Mappers */,
			);
			path = MammutAPI;
			sourceTree = "<group>";
		};
		88A3F7BB1EA278DA00B92F8E /* Internal */ = {
			isa = PBXGroup;
			children = (
				88A3F7BC1EA278DA00B92F8E /* Result.swift */,
				CCF53506DEC451116315F720 /* Extensions */,
			);
			path = Internal;
			sourceTree = "<group>";
		};
		88A3F7BE1EA278DA00B92F8E /* Models */ = {
			isa = PBXGroup;
			children = (
				88A3F7BF1EA278DA00B92F8E /* Application.swift */,
				88A3F7C01EA278DA00B92F8E /* MammutAPIError.swift */,
				CCF535E7A2E2DE58EB936076 /* Status.swift */,
				CCF5346D5994CCA8036DADF2 /* StatusVisibility.swift */,
				CCF53D6D7A500B9EFDF80E5E /* Account.swift */,
			);
			path = Models;
			sourceTree = "<group>";
		};
		88A3F7C11EA278DA00B92F8E /* Network */ = {
			isa = PBXGroup;
			children = (
				88A3F7C21EA278DA00B92F8E /* DataTaskCreating.swift */,
				88A3F7C31EA278DA00B92F8E /* Endpoint.swift */,
				88A3F7C41EA278DA00B92F8E /* EndpointRequest.swift */,
				CCF53721DDA9CACF4DB84663 /* Endpoints */,
			);
			path = Network;
			sourceTree = "<group>";
		};
		88A3F7CD1EA278E400B92F8E /* Tests */ = {
			isa = PBXGroup;
			children = (
				88A3F7CE1EA278E400B92F8E /* Info.plist */,
				88A3F7CF1EA278E400B92F8E /* LinuxMain.swift */,
				88A3F7D01EA278E400B92F8E /* MammutAPITests */,
			);
			path = Tests;
			sourceTree = "<group>";
		};
		88A3F7D01EA278E400B92F8E /* MammutAPITests */ = {
			isa = PBXGroup;
			children = (
				88A3F7D11EA278E400B92F8E /* Mocks */,
				88A3F7D61EA278E400B92F8E /* Network */,
				CCF5345694F724C3E1A29EE2 /* Models */,
				CCF53E6781B5638FB97E995F /* Internal */,
				CCF53ED15CEC8E80C3118390 /* Mappers */,
			);
			path = MammutAPITests;
			sourceTree = "<group>";
		};
		88A3F7D11EA278E400B92F8E /* Mocks */ = {
			isa = PBXGroup;
			children = (
				88A3F7D21EA278E400B92F8E /* MockEndpoint.swift */,
				88A3F7D31EA278E400B92F8E /* MockMammutError.swift */,
				88A3F7D41EA278E400B92F8E /* MockURLDataTask.swift */,
				88A3F7D51EA278E400B92F8E /* MockURLSession.swift */,
			);
			path = Mocks;
			sourceTree = "<group>";
		};
		88A3F7D61EA278E400B92F8E /* Network */ = {
			isa = PBXGroup;
			children = (
				88A3F7D71EA278E400B92F8E /* EndpointRequestTests.swift */,
				CCF530285F4B8956A7E94C4D /* Endpoints */,
			);
			path = Network;
			sourceTree = "<group>";
		};
		CCF530285F4B8956A7E94C4D /* Endpoints */ = {
			isa = PBXGroup;
			children = (
				CCF53AF5E849AB1C56EC6406 /* TimelinesTests.swift */,
			);
			path = Endpoints;
			sourceTree = "<group>";
		};
		CCF53070AF160D8D349611B0 /* Mappers */ = {
			isa = PBXGroup;
			children = (
				CCF538A40C31359FB3433F97 /* ModelMapping.swift */,
				CCF53B4BE62D3B0330F59E44 /* AccountMapper.swift */,
				CCF53C7546ECE868F8917D84 /* StatusMapper.swift */,
				CCF53045BB45C42A7149813E /* ApplicationMapper.swift */,
			);
			path = Mappers;
			sourceTree = "<group>";
		};
		CCF53094E30BBE85245441AC /* Products */ = {
			isa = PBXGroup;
			children = (
				CCF5324E07265187D130F304 /* MammutAPI.framework */,
				CCF532523107CE309D544695 /* MammutAPITests.xctest */,
			);
			name = Products;
			sourceTree = "<group>";
		};
		CCF5345694F724C3E1A29EE2 /* Models */ = {
			isa = PBXGroup;
			children = (
				CCF534D8C9BC33D4C40C510C /* NetworkErrorTests.swift */,
				CCF530D0B62F9EEC4EF65762 /* MapperErrorTests.swift */,
				CCF538609FD82B5D13C3B8F6 /* AccountTests.swift */,
				CCF53252BCF40A0E94A93D40 /* StatusTests.swift */,
				CCF53675C8974365E0B70A49 /* ApplicationTests.swift */,
			);
			path = Models;
			sourceTree = "<group>";
		};
		CCF53506DEC451116315F720 /* Extensions */ = {
			isa = PBXGroup;
			children = (
				CCF5346211BD6A976E70D0DA /* Date+Mastodon.swift */,
				CCF536579F664DF30D8DB058 /* NSError+Convertible.swift */,
			);
			path = Extensions;
			sourceTree = "<group>";
		};
		CCF535F45A994FA80A8BA8AD /* Extensions */ = {
			isa = PBXGroup;
			children = (
				CCF53915C00ED121CAC9F46C /* Date+MastodonTests.swift */,
				CCF53BFA6AF3045F7220982B /* NSError+ConvertibleTests.swift */,
				CCF53DE3B7C313BF38CB7494 /* UnwrapAssertion.swift */,
			);
			path = Extensions;
			sourceTree = "<group>";
		};
		CCF53721DDA9CACF4DB84663 /* Endpoints */ = {
			isa = PBXGroup;
			children = (
				CCF53CA190FF5B70586ABD59 /* Timelines.swift */,
			);
			path = Endpoints;
			sourceTree = "<group>";
		};
		CCF53AAD8D7DCD170D40765C = {
			isa = PBXGroup;
			children = (
				88A3F7B81EA278DA00B92F8E /* Sources */,
				88A3F7CD1EA278E400B92F8E /* Tests */,
				CCF53094E30BBE85245441AC /* Products */,
			);
			sourceTree = "<group>";
		};
		CCF53ABB1E8CEA7FA02FA331 /* Fixtures */ = {
			isa = PBXGroup;
			children = (
				CCF53C06A02FC5A839D9911E /* Account.json */,
				CCF53EB6959D0311677F12FB /* IncompleteJSON.json */,
				CCF53D8519F38897D62FDA17 /* Status.json */,
				CCF538B0976A09D716B12565 /* Application.json */,
				CCF53E8CF6CB97C1222BF568 /* StatusWithApplication.json */,
			);
			path = Fixtures;
			sourceTree = "<group>";
		};
		CCF53E6781B5638FB97E995F /* Internal */ = {
			isa = PBXGroup;
			children = (
				CCF533C630254DBF6165A4A7 /* ResultTests.swift */,
				CCF53AE183E794A1FD85F274 /* Fixture.swift */,
				CCF53ABB1E8CEA7FA02FA331 /* Fixtures */,
				CCF535F45A994FA80A8BA8AD /* Extensions */,
			);
			path = Internal;
			sourceTree = "<group>";
		};
		CCF53ED15CEC8E80C3118390 /* Mappers */ = {
			isa = PBXGroup;
			children = (
				CCF53896AF1800526FED47D4 /* AccountMapperTests.swift */,
				CCF53B2DEC0094DF81956C6A /* StatusMapperTests.swift */,
				CCF53798527FB1FCB214EAA6 /* ApplicationMapperTests.swift */,
			);
			path = Mappers;
			sourceTree = "<group>";
		};
/* End PBXGroup section */

/* Begin PBXHeadersBuildPhase section */
		CCF53CAB038C381E76F906B1 /* Headers */ = {
			isa = PBXHeadersBuildPhase;
			buildActionMask = 2147483647;
			files = (
				88A3F7C71EA278DA00B92F8E /* MammutAPI.h in Headers */,
			);
			runOnlyForDeploymentPostprocessing = 0;
		};
/* End PBXHeadersBuildPhase section */

/* Begin PBXNativeTarget section */
		CCF53555391801347AAA04C3 /* MammutAPITests */ = {
			isa = PBXNativeTarget;
			buildConfigurationList = CCF5372695E636397A0362E6 /* Build configuration list for PBXNativeTarget "MammutAPITests" */;
			buildPhases = (
				CCF53C795848409CEBEC24F3 /* Sources */,
				CCF5311432B90CABCC92F891 /* Frameworks */,
				CCF537C58851DAE67D4373F3 /* Resources */,
			);
			buildRules = (
			);
			dependencies = (
				CCF531EFDDB34D54E514E24E /* PBXTargetDependency */,
			);
			name = MammutAPITests;
			productName = MammutTests;
			productReference = CCF532523107CE309D544695 /* MammutAPITests.xctest */;
			productType = "com.apple.product-type.bundle.unit-test";
		};
		CCF536CAF9A21E6768992A70 /* MammutAPI */ = {
			isa = PBXNativeTarget;
			buildConfigurationList = CCF534FD72CD4E7CB30AE3DF /* Build configuration list for PBXNativeTarget "MammutAPI" */;
			buildPhases = (
				CCF53F003732545A019E645C /* Sources */,
				CCF53DCAFDFB839F2B0BD792 /* Frameworks */,
				CCF53CAB038C381E76F906B1 /* Headers */,
				CCF5395D58575B1AC0C1B2D5 /* Resources */,
			);
			buildRules = (
			);
			dependencies = (
			);
			name = MammutAPI;
			productName = Mammut;
			productReference = CCF5324E07265187D130F304 /* MammutAPI.framework */;
			productType = "com.apple.product-type.framework";
		};
/* End PBXNativeTarget section */

/* Begin PBXProject section */
		CCF53BD926CD7318CCAE54A1 /* Project object */ = {
			isa = PBXProject;
			attributes = {
				ORGANIZATIONNAME = "Esteban Torres";
			};
			buildConfigurationList = CCF537F6C021632DD139B24B /* Build configuration list for PBXProject "MammutAPI" */;
			compatibilityVersion = "Xcode 3.2";
			developmentRegion = English;
			hasScannedForEncodings = 0;
			knownRegions = (
				en,
			);
			mainGroup = CCF53AAD8D7DCD170D40765C;
			productRefGroup = CCF53094E30BBE85245441AC /* Products */;
			projectDirPath = "";
			projectRoot = "";
			targets = (
				CCF536CAF9A21E6768992A70 /* MammutAPI */,
				CCF53555391801347AAA04C3 /* MammutAPITests */,
			);
		};
/* End PBXProject section */

/* Begin PBXResourcesBuildPhase section */
		CCF537C58851DAE67D4373F3 /* Resources */ = {
			isa = PBXResourcesBuildPhase;
			buildActionMask = 2147483647;
			files = (
				CCF53B9EDBD3AB5497C14A70 /* Account.json in Resources */,
				CCF53EF210F571773E170A18 /* IncompleteJSON.json in Resources */,
				CCF537CCA1EE3BD98F62B001 /* Status.json in Resources */,
				CCF53AA30685F539E274D2FC /* Application.json in Resources */,
				CCF537CDAB5295315FB7C416 /* StatusWithApplication.json in Resources */,
			);
			runOnlyForDeploymentPostprocessing = 0;
		};
		CCF5395D58575B1AC0C1B2D5 /* Resources */ = {
			isa = PBXResourcesBuildPhase;
			buildActionMask = 2147483647;
			files = (
			);
			runOnlyForDeploymentPostprocessing = 0;
		};
/* End PBXResourcesBuildPhase section */

/* Begin PBXSourcesBuildPhase section */
		CCF53C795848409CEBEC24F3 /* Sources */ = {
			isa = PBXSourcesBuildPhase;
			buildActionMask = 2147483647;
			files = (
				88A3F7DA1EA278E400B92F8E /* MockEndpoint.swift in Sources */,
				88A3F7DB1EA278E400B92F8E /* MockMammutError.swift in Sources */,
				88A3F7DE1EA278E400B92F8E /* EndpointRequestTests.swift in Sources */,
				88A3F7DC1EA278E400B92F8E /* MockURLDataTask.swift in Sources */,
				88A3F7DD1EA278E400B92F8E /* MockURLSession.swift in Sources */,
				CCF536E90229116C06FC4DFD /* NetworkErrorTests.swift in Sources */,
				CCF536F17439254A3D7ADEBE /* ResultTests.swift in Sources */,
				CCF539E13724AF5186718F51 /* TimelinesTests.swift in Sources */,
				CCF538B44F839AF271078B5D /* AccountMapperTests.swift in Sources */,
				CCF53BB33DC7296CB5AA72C4 /* MapperErrorTests.swift in Sources */,
				CCF538492BC19C8C989BBDE2 /* Fixture.swift in Sources */,
				CCF53BEDDE887B98E18A75FE /* Date+MastodonTests.swift in Sources */,
				CCF536F06311461100568C8F /* StatusMapperTests.swift in Sources */,
				CCF5309720BDECA73164F155 /* AccountTests.swift in Sources */,
				CCF53A872DEF8FCFF5DF72F3 /* StatusTests.swift in Sources */,
				CCF53975819BC857DA916878 /* NSError+ConvertibleTests.swift in Sources */,
				CCF53F7EDDEE38516354F736 /* ApplicationTests.swift in Sources */,
				CCF530B828BC781B99E551D8 /* ApplicationMapperTests.swift in Sources */,
				CCF530D274CA9EEAABFEF814 /* UnwrapAssertion.swift in Sources */,
			);
			runOnlyForDeploymentPostprocessing = 0;
		};
		CCF53F003732545A019E645C /* Sources */ = {
			isa = PBXSourcesBuildPhase;
			buildActionMask = 2147483647;
			files = (
				88A3F7CC1EA278DA00B92F8E /* EndpointRequest.swift in Sources */,
				88A3F7C81EA278DA00B92F8E /* Application.swift in Sources */,
				88A3F7C61EA278DA00B92F8E /* Result.swift in Sources */,
				88A3F7C91EA278DA00B92F8E /* MammutAPIError.swift in Sources */,
				88A3F7CA1EA278DA00B92F8E /* DataTaskCreating.swift in Sources */,
				88A3F7CB1EA278DA00B92F8E /* Endpoint.swift in Sources */,
				CCF5306AF77E6E9512B220AE /* Timelines.swift in Sources */,
				CCF536C68992A23D3ADC74AA /* Status.swift in Sources */,
				CCF53541EB2CBEC21ACC2D72 /* StatusVisibility.swift in Sources */,
				CCF53F778F9FEBB166E2C143 /* Account.swift in Sources */,
				CCF531C1162114FA3837FAAD /* ModelMapping.swift in Sources */,
				CCF53E849B74D422A1BA268F /* AccountMapper.swift in Sources */,
				CCF535A6364DC3B0AE731DC1 /* Date+Mastodon.swift in Sources */,
				CCF539B2DD73A39EDB284A5C /* StatusMapper.swift in Sources */,
				CCF53777AA105AB58239B0D7 /* NSError+Convertible.swift in Sources */,
				CCF539A924420A2400DCF8A7 /* ApplicationMapper.swift in Sources */,
			);
			runOnlyForDeploymentPostprocessing = 0;
		};
/* End PBXSourcesBuildPhase section */

/* Begin PBXTargetDependency section */
		CCF531EFDDB34D54E514E24E /* PBXTargetDependency */ = {
			isa = PBXTargetDependency;
			target = CCF536CAF9A21E6768992A70 /* MammutAPI */;
			targetProxy = CCF536A681E45ECF961359AD /* PBXContainerItemProxy */;
		};
/* End PBXTargetDependency section */

/* Begin XCBuildConfiguration section */
		CCF5373A403BAFCBD11C4B1B /* Debug */ = {
			isa = XCBuildConfiguration;
			buildSettings = {
				ALWAYS_SEARCH_USER_PATHS = NO;
				CLANG_ANALYZER_NONNULL = YES;
				CLANG_ANALYZER_NUMBER_OBJECT_CONVERSION = YES_AGGRESSIVE;
				CLANG_CXX_LANGUAGE_STANDARD = "gnu++0x";
				CLANG_CXX_LIBRARY = "libc++";
				CLANG_ENABLE_MODULES = YES;
				CLANG_ENABLE_OBJC_ARC = YES;
				CLANG_WARN_BOOL_CONVERSION = YES;
				CLANG_WARN_CONSTANT_CONVERSION = YES;
				CLANG_WARN_DIRECT_OBJC_ISA_USAGE = YES_ERROR;
				CLANG_WARN_DOCUMENTATION_COMMENTS = YES;
				CLANG_WARN_EMPTY_BODY = YES;
				CLANG_WARN_ENUM_CONVERSION = YES;
				CLANG_WARN_INFINITE_RECURSION = YES;
				CLANG_WARN_INT_CONVERSION = YES;
				CLANG_WARN_OBJC_ROOT_CLASS = YES_ERROR;
				CLANG_WARN_SUSPICIOUS_MOVE = YES;
				CLANG_WARN_UNREACHABLE_CODE = YES;
				CLANG_WARN__DUPLICATE_METHOD_MATCH = YES;
				"CODE_SIGN_IDENTITY[sdk=iphoneos*]" = "iPhone Developer";
				COPY_PHASE_STRIP = NO;
				CURRENT_PROJECT_VERSION = 1;
				DEBUG_INFORMATION_FORMAT = dwarf;
				ENABLE_STRICT_OBJC_MSGSEND = YES;
				ENABLE_TESTABILITY = YES;
				GCC_C_LANGUAGE_STANDARD = gnu99;
				GCC_DYNAMIC_NO_PIC = NO;
				GCC_NO_COMMON_BLOCKS = YES;
				GCC_OPTIMIZATION_LEVEL = 0;
				GCC_PREPROCESSOR_DEFINITIONS = (
					"DEBUG=1",
					"$(inherited)",
				);
				GCC_WARN_64_TO_32_BIT_CONVERSION = YES;
				GCC_WARN_ABOUT_RETURN_TYPE = YES_ERROR;
				GCC_WARN_UNDECLARED_SELECTOR = YES;
				GCC_WARN_UNINITIALIZED_AUTOS = YES_AGGRESSIVE;
				GCC_WARN_UNUSED_FUNCTION = YES;
				GCC_WARN_UNUSED_VARIABLE = YES;
				IPHONEOS_DEPLOYMENT_TARGET = 10.3;
				MTL_ENABLE_DEBUG_INFO = YES;
				ONLY_ACTIVE_ARCH = YES;
				SDKROOT = iphoneos;
				SWIFT_ACTIVE_COMPILATION_CONDITIONS = DEBUG;
				SWIFT_OPTIMIZATION_LEVEL = "-Onone";
				TARGETED_DEVICE_FAMILY = "1,2";
				VERSIONING_SYSTEM = "apple-generic";
				VERSION_INFO_PREFIX = "";
			};
			name = Debug;
		};
		CCF538868193A46A47CA0D3F /* Debug */ = {
			isa = XCBuildConfiguration;
			buildSettings = {
				CODE_SIGN_IDENTITY = "";
				DEFINES_MODULE = YES;
				DYLIB_COMPATIBILITY_VERSION = 1;
				DYLIB_CURRENT_VERSION = 1;
				DYLIB_INSTALL_NAME_BASE = "@rpath";
				INFOPLIST_FILE = Sources/Info.plist;
				INSTALL_PATH = "$(LOCAL_LIBRARY_DIR)/Frameworks";
				LD_RUNPATH_SEARCH_PATHS = "$(inherited) @executable_path/Frameworks @loader_path/Frameworks";
				PRODUCT_BUNDLE_IDENTIFIER = es.estebantorr.Mammut;
				PRODUCT_NAME = "$(TARGET_NAME)";
				SKIP_INSTALL = YES;
				SWIFT_VERSION = 3.1;
			};
			name = Debug;
		};
		CCF53AEFF46A9C5AA9FF1172 /* Release */ = {
			isa = XCBuildConfiguration;
			buildSettings = {
				ALWAYS_EMBED_SWIFT_STANDARD_LIBRARIES = YES;
				INFOPLIST_FILE = Tests/Info.plist;
				LD_RUNPATH_SEARCH_PATHS = "$(inherited) @executable_path/Frameworks @loader_path/Frameworks";
				PRODUCT_BUNDLE_IDENTIFIER = es.estebantorr.MammutTests;
				PRODUCT_NAME = "$(TARGET_NAME)";
				SWIFT_VERSION = 3.1;
			};
			name = Release;
		};
		CCF53BA2538B0C8B781BA553 /* Debug */ = {
			isa = XCBuildConfiguration;
			buildSettings = {
				ALWAYS_EMBED_SWIFT_STANDARD_LIBRARIES = YES;
				INFOPLIST_FILE = Tests/Info.plist;
				LD_RUNPATH_SEARCH_PATHS = "$(inherited) @executable_path/Frameworks @loader_path/Frameworks";
				PRODUCT_BUNDLE_IDENTIFIER = es.estebantorr.MammutTests;
				PRODUCT_NAME = "$(TARGET_NAME)";
				SWIFT_VERSION = 3.1;
			};
			name = Debug;
		};
		CCF53E42E45171AEC8E32623 /* Release */ = {
			isa = XCBuildConfiguration;
			buildSettings = {
				ALWAYS_SEARCH_USER_PATHS = NO;
				CLANG_ANALYZER_NONNULL = YES;
				CLANG_ANALYZER_NUMBER_OBJECT_CONVERSION = YES_AGGRESSIVE;
				CLANG_CXX_LANGUAGE_STANDARD = "gnu++0x";
				CLANG_CXX_LIBRARY = "libc++";
				CLANG_ENABLE_MODULES = YES;
				CLANG_ENABLE_OBJC_ARC = YES;
				CLANG_WARN_BOOL_CONVERSION = YES;
				CLANG_WARN_CONSTANT_CONVERSION = YES;
				CLANG_WARN_DIRECT_OBJC_ISA_USAGE = YES_ERROR;
				CLANG_WARN_DOCUMENTATION_COMMENTS = YES;
				CLANG_WARN_EMPTY_BODY = YES;
				CLANG_WARN_ENUM_CONVERSION = YES;
				CLANG_WARN_INFINITE_RECURSION = YES;
				CLANG_WARN_INT_CONVERSION = YES;
				CLANG_WARN_OBJC_ROOT_CLASS = YES_ERROR;
				CLANG_WARN_SUSPICIOUS_MOVE = YES;
				CLANG_WARN_UNREACHABLE_CODE = YES;
				CLANG_WARN__DUPLICATE_METHOD_MATCH = YES;
				"CODE_SIGN_IDENTITY[sdk=iphoneos*]" = "iPhone Developer";
				COPY_PHASE_STRIP = NO;
				CURRENT_PROJECT_VERSION = 1;
				DEBUG_INFORMATION_FORMAT = "dwarf-with-dsym";
				ENABLE_NS_ASSERTIONS = NO;
				ENABLE_STRICT_OBJC_MSGSEND = YES;
				GCC_C_LANGUAGE_STANDARD = gnu99;
				GCC_NO_COMMON_BLOCKS = YES;
				GCC_WARN_64_TO_32_BIT_CONVERSION = YES;
				GCC_WARN_ABOUT_RETURN_TYPE = YES_ERROR;
				GCC_WARN_UNDECLARED_SELECTOR = YES;
				GCC_WARN_UNINITIALIZED_AUTOS = YES_AGGRESSIVE;
				GCC_WARN_UNUSED_FUNCTION = YES;
				GCC_WARN_UNUSED_VARIABLE = YES;
				IPHONEOS_DEPLOYMENT_TARGET = 10.3;
				MTL_ENABLE_DEBUG_INFO = NO;
				SDKROOT = iphoneos;
				SWIFT_OPTIMIZATION_LEVEL = "-Owholemodule";
				TARGETED_DEVICE_FAMILY = "1,2";
				VALIDATE_PRODUCT = YES;
				VERSIONING_SYSTEM = "apple-generic";
				VERSION_INFO_PREFIX = "";
			};
			name = Release;
		};
		CCF53E6F5F58AEF67C4C4552 /* Release */ = {
			isa = XCBuildConfiguration;
			buildSettings = {
				CODE_SIGN_IDENTITY = "";
				DEFINES_MODULE = YES;
				DYLIB_COMPATIBILITY_VERSION = 1;
				DYLIB_CURRENT_VERSION = 1;
				DYLIB_INSTALL_NAME_BASE = "@rpath";
				INFOPLIST_FILE = Sources/Info.plist;
				INSTALL_PATH = "$(LOCAL_LIBRARY_DIR)/Frameworks";
				LD_RUNPATH_SEARCH_PATHS = "$(inherited) @executable_path/Frameworks @loader_path/Frameworks";
				PRODUCT_BUNDLE_IDENTIFIER = es.estebantorr.Mammut;
				PRODUCT_NAME = "$(TARGET_NAME)";
				SKIP_INSTALL = YES;
				SWIFT_VERSION = 3.1;
			};
			name = Release;
		};
/* End XCBuildConfiguration section */

/* Begin XCConfigurationList section */
		CCF534FD72CD4E7CB30AE3DF /* Build configuration list for PBXNativeTarget "MammutAPI" */ = {
			isa = XCConfigurationList;
			buildConfigurations = (
				CCF538868193A46A47CA0D3F /* Debug */,
				CCF53E6F5F58AEF67C4C4552 /* Release */,
			);
			defaultConfigurationIsVisible = 0;
			defaultConfigurationName = Release;
		};
		CCF5372695E636397A0362E6 /* Build configuration list for PBXNativeTarget "MammutAPITests" */ = {
			isa = XCConfigurationList;
			buildConfigurations = (
				CCF53BA2538B0C8B781BA553 /* Debug */,
				CCF53AEFF46A9C5AA9FF1172 /* Release */,
			);
			defaultConfigurationIsVisible = 0;
			defaultConfigurationName = Release;
		};
		CCF537F6C021632DD139B24B /* Build configuration list for PBXProject "MammutAPI" */ = {
			isa = XCConfigurationList;
			buildConfigurations = (
				CCF5373A403BAFCBD11C4B1B /* Debug */,
				CCF53E42E45171AEC8E32623 /* Release */,
			);
			defaultConfigurationIsVisible = 0;
			defaultConfigurationName = Release;
		};
/* End XCConfigurationList section */
	};
	rootObject = CCF53BD926CD7318CCAE54A1 /* Project object */;
}
